{
  "name": "adapt-authoring-githubauth",
  "version": "0.0.1",
  "lockfileVersion": 1,
  "requires": true,
  "dependencies": {
    "axios": {
      "version": "0.19.2",
      "resolved": "https://registry.npmjs.org/axios/-/axios-0.19.2.tgz",
      "integrity": "sha512-fjgm5MvRHLhx+osE2xoekY70AhARk3a6hkN+3Io1jc00jtquGvxYlKlsFUhmUET0V5te6CcZI7lcv2Ym61mjHA==",
      "requires": {
        "follow-redirects": "1.5.10"
      }
    },
    "debug": {
      "version": "3.1.0",
      "resolved": "https://registry.npmjs.org/debug/-/debug-3.1.0.tgz",
      "integrity": "sha512-OX8XqP7/1a9cqkxYw2yXss15f26NKWBpDXQd0/uK/KPqdQhxbPa994hnzjcE2VqQpDslf55723cKPUOGSmMY3g==",
      "requires": {
        "ms": "2.0.0"
      }
    },
    "follow-redirects": {
      "version": "1.5.10",
      "resolved": "https://registry.npmjs.org/follow-redirects/-/follow-redirects-1.5.10.tgz",
      "integrity": "sha512-0V5l4Cizzvqt5D44aTXbFZz+FtyXV1vrDN6qrelxtfYQKW0KO0W2T/hkE8xvGa/540LkZlkaUjO4ailYTFtHVQ==",
      "requires": {
        "debug": "=3.1.0"
      }
    },
    "grant": {
      "version": "4.7.0",
      "resolved": "https://registry.npmjs.org/grant/-/grant-4.7.0.tgz",
      "integrity": "sha512-QGPjCYDrBnb/OIiTRxbK3TnNOE6Ycgfc/GcgPzI4vyNIr+b7yisEexYp7VM74zj6bxr+mDTzfGONRLzzsVPJIA==",
      "requires": {
        "qs": "^6.9.1",
        "request-compose": "^1.2.1",
        "request-oauth": "0.0.3"
      }
    },
    "grant-express": {
      "version": "4.7.0",
      "resolved": "https://registry.npmjs.org/grant-express/-/grant-express-4.7.0.tgz",
      "integrity": "sha512-feRNJLKDcn7xz/KGp/rSAXErp+sP6MALbCfZodKNFz7to+dMo+PbcgMZVPSdasPI/YqHNwnHPE0NRQDUsVciHQ==",
      "requires": {
        "grant": "4.7.0"
      }
    },
    "ms": {
      "version": "2.0.0",
      "resolved": "https://registry.npmjs.org/ms/-/ms-2.0.0.tgz",
      "integrity": "sha1-VgiurfwAvmwpAd9fmGF4jeDVl8g="
    },
    "oauth-sign": {
      "version": "0.8.2",
      "resolved": "https://registry.npmjs.org/oauth-sign/-/oauth-sign-0.8.2.tgz",
      "integrity": "sha1-Rqarfwrq2N6unsBWV4C31O/rnUM="
    },
    "qs": {
      "version": "6.9.3",
      "resolved": "https://registry.npmjs.org/qs/-/qs-6.9.3.tgz",
      "integrity": "sha512-EbZYNarm6138UKKq46tdx08Yo/q9ZhFoAXAI1meAFd2GtbRDhbZY2WQSICskT0c5q99aFzLG1D4nvTk9tqfXIw=="
    },
    "request-compose": {
      "version": "1.2.3",
      "resolved": "https://registry.npmjs.org/request-compose/-/request-compose-1.2.3.tgz",
      "integrity": "sha512-i2m8y3kEveoaAVTsTqig2LmWI10bUdakqzIVHkTEAK8kcsr4a/+iL93tsujsLaMiCZmnB1Osdk3WEMsB//H66A=="
    },
    "request-oauth": {
      "version": "0.0.3",
      "resolved": "https://registry.npmjs.org/request-oauth/-/request-oauth-0.0.3.tgz",
      "integrity": "sha512-q7WdJlpIcPaIDac0FZSy/yH37FO3UkUuPDIsiLALiLjuC6vzvuKIU14YIC3Lm0wtQRXS9GqvSo/fCYj8n75xSw==",
      "requires": {
        "oauth-sign": "^0.8.2",
        "qs": "^6.5.1",
        "uuid": "^3.2.1"
      }
    },
    "uuid": {
      "version": "3.4.0",
      "resolved": "https://registry.npmjs.org/uuid/-/uuid-3.4.0.tgz",
      "integrity": "sha512-HjSDRw6gZE5JMggctHBcjVak08+KEVhSIiDzFnT9S9aegmp85S/bReBVTb4QTFaRNptJ9kuYaNhnbNEOkbKb/A=="
    }
  }
}
